{
  "name": "app",
  "lockfileVersion": 2,
  "requires": true,
  "packages": {
    "": {
      "dependencies": {
        "@hsjobeki/a": "^1.1.0"
      }
    },
    "../A": {
      "name": "@hsjobeki/a",
      "version": "1.0.0",
      "extraneous": true,
      "license": "ISC",
      "dependencies": {
        "@hsjobeki/b": "^1.0.0"
      }
    },
    "node_modules/@hsjobeki/a": {
      "version": "1.1.0",
      "resolved": "https://registry.npmjs.org/@hsjobeki/a/-/a-1.1.0.tgz",
      "integrity": "sha512-FGD3/L7fSqANaeIS0m/eQ0Y4yjyGvdXhfSmZLgETk7sxpP0bXIywhQGr98rzKcbsLlUnvmIZCz+ZF++txtqxfQ==",
      "dependencies": {
        "@hsjobeki/b": "^1.0.0",
        "@hsjobeki/c": "^2.0.0"
      }
    },
    "node_modules/@hsjobeki/a/node_modules/@hsjobeki/c": {
      "version": "2.0.0",
      "resolved": "https://registry.npmjs.org/@hsjobeki/c/-/c-2.0.0.tgz",
      "integrity": "sha512-Uw3e3VCaUCW7inmxfVVI8yUKXTS/3NdGXqLrcNcZSu17JWZPYw/LvWudrgpy4ZQX8az+9Bjd9Xbnx2z/hJ31vg=="
    },
    "node_modules/@hsjobeki/b": {
      "version": "1.0.0",
      "resolved": "https://registry.npmjs.org/@hsjobeki/b/-/b-1.0.0.tgz",
      "integrity": "sha512-KJP+ns6iOyk4s92MbpYmTs23tFxjvItKmj7ePeW5tDj//W2/OkaNUOQJLRATXCUpv9p/QAE5VNlKu1dfZEFyQw==",
      "dependencies": {
        "@hsjobeki/c": "^1.0.0",
        "@hsjobeki/d": "^1.0.0"
      }
    },
    "node_modules/@hsjobeki/c": {
      "version": "1.0.0",
      "resolved": "https://registry.npmjs.org/@hsjobeki/c/-/c-1.0.0.tgz",
      "integrity": "sha512-lOcv2ddOpBw76pNP/v+Z2GYgKc0z4cIocuF9tQt0cXHtA7r+WSCNii7niaz+ce5XwXnZ1dlNHhVdHtRsjc+T0w=="
    },
    "node_modules/@hsjobeki/d": {
      "version": "1.0.0",
      "resolved": "https://registry.npmjs.org/@hsjobeki/d/-/d-1.0.0.tgz",
      "integrity": "sha512-wUBJEj9iWA7ZqnwobdRVgOhqb+Yqk8RX/FVoV9IaMcDoiahQ6YIXO9CKlZATkmulwHW9cx0Xs9kaF3PLQmFlVg=="
    }
  },
  "dependencies": {
    "@hsjobeki/a": {
      "version": "1.1.0",
      "resolved": "https://registry.npmjs.org/@hsjobeki/a/-/a-1.1.0.tgz",
      "integrity": "sha512-FGD3/L7fSqANaeIS0m/eQ0Y4yjyGvdXhfSmZLgETk7sxpP0bXIywhQGr98rzKcbsLlUnvmIZCz+ZF++txtqxfQ==",
      "requires": {
        "@hsjobeki/b": "^1.0.0",
        "@hsjobeki/c": "^2.0.0"
      },
      "dependencies": {
        "@hsjobeki/c": {
          "version": "2.0.0",
          "resolved": "https://registry.npmjs.org/@hsjobeki/c/-/c-2.0.0.tgz",
          "integrity": "sha512-Uw3e3VCaUCW7inmxfVVI8yUKXTS/3NdGXqLrcNcZSu17JWZPYw/LvWudrgpy4ZQX8az+9Bjd9Xbnx2z/hJ31vg=="
        }
      }
    },
    "@hsjobeki/b": {
      "version": "1.0.0",
      "resolved": "https://registry.npmjs.org/@hsjobeki/b/-/b-1.0.0.tgz",
      "integrity": "sha512-KJP+ns6iOyk4s92MbpYmTs23tFxjvItKmj7ePeW5tDj//W2/OkaNUOQJLRATXCUpv9p/QAE5VNlKu1dfZEFyQw==",
      "requires": {
        "@hsjobeki/c": "^1.0.0",
        "@hsjobeki/d": "^1.0.0"
      }
    },
    "@hsjobeki/c": {
      "version": "1.0.0",
      "resolved": "https://registry.npmjs.org/@hsjobeki/c/-/c-1.0.0.tgz",
      "integrity": "sha512-lOcv2ddOpBw76pNP/v+Z2GYgKc0z4cIocuF9tQt0cXHtA7r+WSCNii7niaz+ce5XwXnZ1dlNHhVdHtRsjc+T0w=="
    },
    "@hsjobeki/d": {
      "version": "1.0.0",
      "resolved": "https://registry.npmjs.org/@hsjobeki/d/-/d-1.0.0.tgz",
      "integrity": "sha512-wUBJEj9iWA7ZqnwobdRVgOhqb+Yqk8RX/FVoV9IaMcDoiahQ6YIXO9CKlZATkmulwHW9cx0Xs9kaF3PLQmFlVg=="
    }
  }
}
